
Microsoft Visual Studio Solution File, Format Version 12.00
# Visual Studio Version 17
VisualStudioVersion = 17.8.34511.84
MinimumVisualStudioVersion = 10.0.40219.1
Project("{FAE04EC0-301F-11D3-BF4B-00C04F79EFBC}") = "AYStoreAdmin", "AYStoreAdmin\AYStoreAdmin.csproj", "{23BB9A86-3AEE-4630-8EF0-C0C0F3E0F387}"
EndProject
Global
	GlobalSection(SolutionConfigurationPlatforms) = preSolution
		Debug|Any CPU = Debug|Any CPU
		Release|Any CPU = Release|Any CPU
	EndGlobalSection
	GlobalSection(ProjectConfigurationPlatforms) = postSolution
		{23BB9A86-3AEE-4630-8EF0-C0C0F3E0F387}.Debug|Any CPU.ActiveCfg = Debug|Any CPU
		{23BB9A86-3AEE-4630-8EF0-C0C0F3E0F387}.Debug|Any CPU.Build.0 = Debug|Any CPU
		{23BB9A86-3AEE-4630-8EF0-C0C0F3E0F387}.Release|Any CPU.ActiveCfg = Release|Any CPU
		{23BB9A86-3AEE-4630-8EF0-C0C0F3E0F387}.Release|Any CPU.Build.0 = Release|Any CPU
	EndGlobalSection
	GlobalSection(SolutionProperties) = preSolution
		HideSolutionNode = FALSE
	EndGlobalSection
	GlobalSection(ExtensibilityGlobals) = postSolution
		SolutionGuid = {FFAF1DC3-3163-4855-9049-1CFE85066986}
	EndGlobalSection
EndGlobal
